
Microsoft Visual Studio Solution File, Format Version 12.00
# Visual Studio 15
VisualStudioVersion = 15.0.27428.2037
MinimumVisualStudioVersion = 10.0.40219.1
Project("{FAE04EC0-301F-11D3-BF4B-00C04F79EFBC}") = "<%= classify(project) %>", "<%= classify(project) %>.csproj", "{1BA75D54-4C5B-4A1B-9C0E-F5313F0F35AD}"
EndProject
Global
	GlobalSection(SolutionConfigurationPlatforms) = preSolution
		Debug|Any CPU = Debug|Any CPU
		Release|Any CPU = Release|Any CPU
	EndGlobalSection
	GlobalSection(ProjectConfigurationPlatforms) = postSolution
		{1BA75D54-4C5B-4A1B-9C0E-F5313F0F35AD}.Debug|Any CPU.ActiveCfg = Debug|Any CPU
		{1BA75D54-4C5B-4A1B-9C0E-F5313F0F35AD}.Debug|Any CPU.Build.0 = Debug|Any CPU
		{1BA75D54-4C5B-4A1B-9C0E-F5313F0F35AD}.Release|Any CPU.ActiveCfg = Release|Any CPU
		{1BA75D54-4C5B-4A1B-9C0E-F5313F0F35AD}.Release|Any CPU.Build.0 = Release|Any CPU
	EndGlobalSection
	GlobalSection(SolutionProperties) = preSolution
		HideSolutionNode = FALSE
	EndGlobalSection
	GlobalSection(ExtensibilityGlobals) = postSolution
		SolutionGuid = {55B283D8-F43B-4A49-A42E-F8415EC60F68}
	EndGlobalSection
EndGlobal
